
Microsoft Visual Studio Solution File, Format Version 12.00
# Visual Studio Version 17
VisualStudioVersion = 17.14.36705.20 d17.14
MinimumVisualStudioVersion = 10.0.40219.1
Project("{8BC9CEB8-8B4A-11D0-8D11-00A0C91BC942}") = "lab2", "lab2\lab2.vcxproj", "{B237BA4C-7C5D-4A61-83F8-D4AD30E6BBAC}"
EndProject
Global
	GlobalSection(SolutionConfigurationPlatforms) = preSolution
		Debug|x64 = Debug|x64
		Debug|x86 = Debug|x86
		Release|x64 = Release|x64
		Release|x86 = Release|x86
	EndGlobalSection
	GlobalSection(ProjectConfigurationPlatforms) = postSolution
		{B237BA4C-7C5D-4A61-83F8-D4AD30E6BBAC}.Debug|x64.ActiveCfg = Debug|x64
		{B237BA4C-7C5D-4A61-83F8-D4AD30E6BBAC}.Debug|x64.Build.0 = Debug|x64
		{B237BA4C-7C5D-4A61-83F8-D4AD30E6BBAC}.Debug|x86.ActiveCfg = Debug|Win32
		{B237BA4C-7C5D-4A61-83F8-D4AD30E6BBAC}.Debug|x86.Build.0 = Debug|Win32
		{B237BA4C-7C5D-4A61-83F8-D4AD30E6BBAC}.Release|x64.ActiveCfg = Release|x64
		{B237BA4C-7C5D-4A61-83F8-D4AD30E6BBAC}.Release|x64.Build.0 = Release|x64
		{B237BA4C-7C5D-4A61-83F8-D4AD30E6BBAC}.Release|x86.ActiveCfg = Release|Win32
		{B237BA4C-7C5D-4A61-83F8-D4AD30E6BBAC}.Release|x86.Build.0 = Release|Win32
	EndGlobalSection
	GlobalSection(SolutionProperties) = preSolution
		HideSolutionNode = FALSE
	EndGlobalSection
	GlobalSection(ExtensibilityGlobals) = postSolution
		SolutionGuid = {FCAC903E-C543-438F-8B7F-F5A3EF22C2F8}
	EndGlobalSection
EndGlobal
